
Microsoft Visual Studio Solution File, Format Version 12.00
# Visual Studio Version 18
VisualStudioVersion = 18.7.11925.98 stable
MinimumVisualStudioVersion = 10.0.40219.1
Project("{FAE04EC0-301F-11D3-BF4B-00C04F79EFBC}") = "PainComponent", "PainComponent.csproj", "{EC2511C9-5046-9747-E2A3-22CE5482C2B3}"
EndProject
Global
	GlobalSection(SolutionConfigurationPlatforms) = preSolution
		Debug|Any CPU = Debug|Any CPU
		Release|Any CPU = Release|Any CPU
	EndGlobalSection
	GlobalSection(ProjectConfigurationPlatforms) = postSolution
		{EC2511C9-5046-9747-E2A3-22CE5482C2B3}.Debug|Any CPU.ActiveCfg = Debug|Any CPU
		{EC2511C9-5046-9747-E2A3-22CE5482C2B3}.Debug|Any CPU.Build.0 = Debug|Any CPU
		{EC2511C9-5046-9747-E2A3-22CE5482C2B3}.Release|Any CPU.ActiveCfg = Release|Any CPU
		{EC2511C9-5046-9747-E2A3-22CE5482C2B3}.Release|Any CPU.Build.0 = Release|Any CPU
	EndGlobalSection
	GlobalSection(SolutionProperties) = preSolution
		HideSolutionNode = FALSE
	EndGlobalSection
	GlobalSection(ExtensibilityGlobals) = postSolution
		SolutionGuid = {AE5A3D04-79DD-40FC-B574-909E5681F1C8}
	EndGlobalSection
EndGlobal
